PODS:
  - FontBlaster (5.3.0)
  - GRDB.swift (6.24.1):
    - GRDB.swift/standard (= 6.24.1)
  - GRDB.swift/standard (6.24.1)
  - Realm (10.54.5):
    - Realm/Headers (= 10.54.5)
  - Realm/Headers (10.54.5)
  - RealmSwift (10.54.5):
    - Realm (= 10.54.5)

DEPENDENCIES:
  - FontBlaster
  - GRDB.swift (~> 6.0)
  - RealmSwift (~> 10)

SPEC REPOS:
  trunk:
    - FontBlaster
    - GRDB.swift
    - Realm
    - RealmSwift

SPEC CHECKSUMS:
  FontBlaster: 941f89d735a29e1c7d24e7a90d3e16939ef1609a
  GRDB.swift: 136dcb5d8dddca50aae3ba7d77475f79e7232cd8
  Realm: ac6ab7d43b76db2bdb48bbd097019bb621d860b8
  RealmSwift: 7c258367cc498594aa989b7d9620989a276ad7f4

PODFILE CHECKSUM: c33edd60711c158fbe914dc5c74d85a5d6f21639

COCOAPODS: 1.16.2
