PODS:
  - FontBlaster (5.3.0)
  - Realm (10.54.2):
    - Realm/Headers (= 10.54.2)
  - Realm/Headers (10.54.2)
  - RealmSwift (10.54.2):
    - Realm (= 10.54.2)

DEPENDENCIES:
  - FontBlaster
  - RealmSwift (~> 10)

SPEC REPOS:
  trunk:
    - FontBlaster
    - Realm
    - RealmSwift

SPEC CHECKSUMS:
  FontBlaster: 941f89d735a29e1c7d24e7a90d3e16939ef1609a
  Realm: 16852517a207e98cc6acba9336b56c30d06d84ad
  RealmSwift: bca777b3904ee58a9b16036e1840012f03348060

PODFILE CHECKSUM: 2279fa9ebbb6c723e20364f4a17d2e81fdd16b87

COCOAPODS: 1.15.2
